
Microsoft Visual Studio Solution File, Format Version 12.00
# Visual Studio Version 17
VisualStudioVersion = 17.11.35222.181
MinimumVisualStudioVersion = 10.0.40219.1
Project("{9A19103F-16F7-4668-BE54-9A1E7A4F7556}") = "Tracker", "Tracker.csproj", "{D008BA19-5EDD-47E3-A77D-0F1B5D06C0DA}"
EndProject
Global
	GlobalSection(SolutionConfigurationPlatforms) = preSolution
		Debug|Any CPU = Debug|Any CPU
		Release|Any CPU = Release|Any CPU
	EndGlobalSection
	GlobalSection(ProjectConfigurationPlatforms) = postSolution
		{D008BA19-5EDD-47E3-A77D-0F1B5D06C0DA}.Debug|Any CPU.ActiveCfg = Debug|Any CPU
		{D008BA19-5EDD-47E3-A77D-0F1B5D06C0DA}.Debug|Any CPU.Build.0 = Debug|Any CPU
		{D008BA19-5EDD-47E3-A77D-0F1B5D06C0DA}.Release|Any CPU.ActiveCfg = Release|Any CPU
		{D008BA19-5EDD-47E3-A77D-0F1B5D06C0DA}.Release|Any CPU.Build.0 = Release|Any CPU
	EndGlobalSection
	GlobalSection(SolutionProperties) = preSolution
		HideSolutionNode = FALSE
	EndGlobalSection
	GlobalSection(ExtensibilityGlobals) = postSolution
		SolutionGuid = {6D3FB613-1644-4F50-99A8-DCCDD5C1409E}
	EndGlobalSection
EndGlobal
